
Microsoft Visual Studio Solution File, Format Version 12.00
# Visual Studio Version 16
VisualStudioVersion = 16.0.30413.136
MinimumVisualStudioVersion = 10.0.40219.1
Project("{FAE04EC0-301F-11D3-BF4B-00C04F79EFBC}") = "Week6Tasks", "Week6Tasks\Week6Tasks.csproj", "{0635DA9A-BE56-4C2D-BB6E-1536A825E3DD}"
EndProject
Project("{FAE04EC0-301F-11D3-BF4B-00C04F79EFBC}") = "WeekTask", "WeekTask\WeekTask.csproj", "{4E701DA1-FA7A-4BBA-A982-7D84AD85A185}"
EndProject
Global
	GlobalSection(SolutionConfigurationPlatforms) = preSolution
		Debug|Any CPU = Debug|Any CPU
		Release|Any CPU = Release|Any CPU
	EndGlobalSection
	GlobalSection(ProjectConfigurationPlatforms) = postSolution
		{0635DA9A-BE56-4C2D-BB6E-1536A825E3DD}.Debug|Any CPU.ActiveCfg = Debug|Any CPU
		{0635DA9A-BE56-4C2D-BB6E-1536A825E3DD}.Debug|Any CPU.Build.0 = Debug|Any CPU
		{0635DA9A-BE56-4C2D-BB6E-1536A825E3DD}.Release|Any CPU.ActiveCfg = Release|Any CPU
		{0635DA9A-BE56-4C2D-BB6E-1536A825E3DD}.Release|Any CPU.Build.0 = Release|Any CPU
		{4E701DA1-FA7A-4BBA-A982-7D84AD85A185}.Debug|Any CPU.ActiveCfg = Debug|Any CPU
		{4E701DA1-FA7A-4BBA-A982-7D84AD85A185}.Debug|Any CPU.Build.0 = Debug|Any CPU
		{4E701DA1-FA7A-4BBA-A982-7D84AD85A185}.Release|Any CPU.ActiveCfg = Release|Any CPU
		{4E701DA1-FA7A-4BBA-A982-7D84AD85A185}.Release|Any CPU.Build.0 = Release|Any CPU
	EndGlobalSection
	GlobalSection(SolutionProperties) = preSolution
		HideSolutionNode = FALSE
	EndGlobalSection
	GlobalSection(ExtensibilityGlobals) = postSolution
		SolutionGuid = {60BDFA99-B63D-48F9-8866-F53163F71187}
	EndGlobalSection
EndGlobal
